
Microsoft Visual Studio Solution File, Format Version 12.00
# Visual Studio 2013
VisualStudioVersion = 12.0.30723.0
MinimumVisualStudioVersion = 10.0.40219.1
Project("{2150E333-8FDC-42A3-9474-1A3956D46DE8}") = "project", "project", "{1F60AECC-A8BB-4487-BC37-20ADF9022404}"
	ProjectSection(SolutionItems) = preProject
		build.fsx = build.fsx
		LICENSE = LICENSE
		paket.dependencies = paket.dependencies
		pom.xml = pom.xml
		README.md = README.md
		RELEASE_NOTES.md = RELEASE_NOTES.md
	EndProjectSection
EndProject
Project("{F2A71F9B-5D33-465A-A702-920D77279786}") = "CuratorIkvm.Tests", "CuratorIkvm.Tests\CuratorIkvm.Tests.fsproj", "{62773C74-3103-4947-95FE-6854BC5F2A47}"
EndProject
Project("{2150E333-8FDC-42A3-9474-1A3956D46DE8}") = "nuget", "nuget", "{BC9C5B69-52E2-4728-8BC4-96E7F039E77B}"
	ProjectSection(SolutionItems) = preProject
		nuget\CuratorIkvm.nuspec = nuget\CuratorIkvm.nuspec
	EndProjectSection
EndProject
Global
	GlobalSection(SolutionConfigurationPlatforms) = preSolution
		Debug|Any CPU = Debug|Any CPU
		Release|Any CPU = Release|Any CPU
	EndGlobalSection
	GlobalSection(ProjectConfigurationPlatforms) = postSolution
		{62773C74-3103-4947-95FE-6854BC5F2A47}.Debug|Any CPU.ActiveCfg = Debug|Any CPU
		{62773C74-3103-4947-95FE-6854BC5F2A47}.Debug|Any CPU.Build.0 = Debug|Any CPU
		{62773C74-3103-4947-95FE-6854BC5F2A47}.Release|Any CPU.ActiveCfg = Release|Any CPU
		{62773C74-3103-4947-95FE-6854BC5F2A47}.Release|Any CPU.Build.0 = Release|Any CPU
	EndGlobalSection
	GlobalSection(SolutionProperties) = preSolution
		HideSolutionNode = FALSE
	EndGlobalSection
EndGlobal
